
Microsoft Visual Studio Solution File, Format Version 12.00
# Visual Studio Version 16
VisualStudioVersion = 16.0.29924.181
MinimumVisualStudioVersion = 10.0.40219.1
Project("{9A19103F-16F7-4668-BE54-9A1E7A4F7556}") = "RGB.NET.Devices.OpenRGB", "RGB.NET.Devices.OpenRGB\RGB.NET.Devices.OpenRGB.csproj", "{D328348B-CCCF-4C47-BDAA-8D4723EC75E8}"
EndProject
Project("{9A19103F-16F7-4668-BE54-9A1E7A4F7556}") = "TestApp", "TestApp\TestApp.csproj", "{FE5E3E1E-2BC0-4525-8246-1A101D93A3C4}"
EndProject
Global
	GlobalSection(SolutionConfigurationPlatforms) = preSolution
		Debug|x64 = Debug|x64
		Release|x64 = Release|x64
	EndGlobalSection
	GlobalSection(ProjectConfigurationPlatforms) = postSolution
		{D328348B-CCCF-4C47-BDAA-8D4723EC75E8}.Debug|x64.ActiveCfg = Debug|x64
		{D328348B-CCCF-4C47-BDAA-8D4723EC75E8}.Debug|x64.Build.0 = Debug|x64
		{D328348B-CCCF-4C47-BDAA-8D4723EC75E8}.Release|x64.ActiveCfg = Release|x64
		{D328348B-CCCF-4C47-BDAA-8D4723EC75E8}.Release|x64.Build.0 = Release|x64
		{FE5E3E1E-2BC0-4525-8246-1A101D93A3C4}.Debug|x64.ActiveCfg = Debug|x64
		{FE5E3E1E-2BC0-4525-8246-1A101D93A3C4}.Debug|x64.Build.0 = Debug|x64
		{FE5E3E1E-2BC0-4525-8246-1A101D93A3C4}.Release|x64.ActiveCfg = Release|x64
		{FE5E3E1E-2BC0-4525-8246-1A101D93A3C4}.Release|x64.Build.0 = Release|x64
	EndGlobalSection
	GlobalSection(SolutionProperties) = preSolution
		HideSolutionNode = FALSE
	EndGlobalSection
	GlobalSection(ExtensibilityGlobals) = postSolution
		SolutionGuid = {8CF71171-8B2C-4273-8808-AD265324BF55}
	EndGlobalSection
EndGlobal
